
Microsoft Visual Studio Solution File, Format Version 12.00
# Visual Studio Version 17
VisualStudioVersion = 17.5.33424.131
MinimumVisualStudioVersion = 10.0.40219.1
Project("{FAE04EC0-301F-11D3-BF4B-00C04F79EFBC}") = "Task1", "Task1\Task1.csproj", "{5D3B1DE7-4103-4E8C-8093-DD6690CC98D9}"
EndProject
Project("{FAE04EC0-301F-11D3-BF4B-00C04F79EFBC}") = "Task1.Domain", "Task1.Domain\Task1.Domain.csproj", "{BC932912-7CC1-4983-A865-F19EA3DFDFE0}"
EndProject
Project("{FAE04EC0-301F-11D3-BF4B-00C04F79EFBC}") = "Task2", "Task2\Task2.csproj", "{7FE898CE-2EC7-498A-958A-A75E67C3DDBF}"
EndProject
Project("{FAE04EC0-301F-11D3-BF4B-00C04F79EFBC}") = "Task2.Domain", "Task2.Domain\Task2.Domain.csproj", "{AAC07EEB-3460-4A3B-BFD8-242884683E2A}"
EndProject
Global
	GlobalSection(SolutionConfigurationPlatforms) = preSolution
		Debug|Any CPU = Debug|Any CPU
		Release|Any CPU = Release|Any CPU
	EndGlobalSection
	GlobalSection(ProjectConfigurationPlatforms) = postSolution
		{5D3B1DE7-4103-4E8C-8093-DD6690CC98D9}.Debug|Any CPU.ActiveCfg = Debug|Any CPU
		{5D3B1DE7-4103-4E8C-8093-DD6690CC98D9}.Debug|Any CPU.Build.0 = Debug|Any CPU
		{5D3B1DE7-4103-4E8C-8093-DD6690CC98D9}.Release|Any CPU.ActiveCfg = Release|Any CPU
		{5D3B1DE7-4103-4E8C-8093-DD6690CC98D9}.Release|Any CPU.Build.0 = Release|Any CPU
		{BC932912-7CC1-4983-A865-F19EA3DFDFE0}.Debug|Any CPU.ActiveCfg = Debug|Any CPU
		{BC932912-7CC1-4983-A865-F19EA3DFDFE0}.Debug|Any CPU.Build.0 = Debug|Any CPU
		{BC932912-7CC1-4983-A865-F19EA3DFDFE0}.Release|Any CPU.ActiveCfg = Release|Any CPU
		{BC932912-7CC1-4983-A865-F19EA3DFDFE0}.Release|Any CPU.Build.0 = Release|Any CPU
		{7FE898CE-2EC7-498A-958A-A75E67C3DDBF}.Debug|Any CPU.ActiveCfg = Debug|Any CPU
		{7FE898CE-2EC7-498A-958A-A75E67C3DDBF}.Debug|Any CPU.Build.0 = Debug|Any CPU
		{7FE898CE-2EC7-498A-958A-A75E67C3DDBF}.Release|Any CPU.ActiveCfg = Release|Any CPU
		{7FE898CE-2EC7-498A-958A-A75E67C3DDBF}.Release|Any CPU.Build.0 = Release|Any CPU
		{AAC07EEB-3460-4A3B-BFD8-242884683E2A}.Debug|Any CPU.ActiveCfg = Debug|Any CPU
		{AAC07EEB-3460-4A3B-BFD8-242884683E2A}.Debug|Any CPU.Build.0 = Debug|Any CPU
		{AAC07EEB-3460-4A3B-BFD8-242884683E2A}.Release|Any CPU.ActiveCfg = Release|Any CPU
		{AAC07EEB-3460-4A3B-BFD8-242884683E2A}.Release|Any CPU.Build.0 = Release|Any CPU
	EndGlobalSection
	GlobalSection(SolutionProperties) = preSolution
		HideSolutionNode = FALSE
	EndGlobalSection
	GlobalSection(ExtensibilityGlobals) = postSolution
		SolutionGuid = {BB524D54-00D4-409B-846A-B2015331A7D4}
	EndGlobalSection
EndGlobal
